<Solution>
  <Configurations>
    <Platform Name="Any CPU" />
    <Platform Name="x64" />
  </Configurations>
  <Folder Name="/src/">
    <Project Path="src/VainTools.App/VainTools.App.csproj" />
    <Project Path="src/VainTools.Framework/VainTools.Framework.csproj" />
    <Project Path="src/VainTools.Tests/VainTools.Tests.csproj" />
  </Folder>
</Solution>
